{
  "version": 4,
  "terraform_version": "1.1.6",
  "serial": 110,
  "lineage": "0e35e100-fbdc-ac08-1e33-f3f71af5ffa9",
  "outputs": {},
  "resources": [
    {
      "mode": "managed",
      "type": "google_compute_firewall",
      "name": "ahmed-FW",
      "provider": "provider[\"registry.terraform.io/hashicorp/google\"]",
      "instances": [
        {
          "schema_version": 1,
          "attributes": {
            "allow": [
              {
                "ports": [
                  "80",
                  "22"
                ],
                "protocol": "tcp"
              }
            ],
            "creation_timestamp": "2022-02-16T22:20:33.881-08:00",
            "deny": [],
            "description": "",
            "destination_ranges": [],
            "direction": "INGRESS",
            "disabled": false,
            "enable_logging": null,
            "id": "projects/ahmed-emad-project/global/firewalls/firewall-to-allow-iap",
            "log_config": [],
            "name": "firewall-to-allow-iap",
            "network": "https://www.googleapis.com/compute/v1/projects/ahmed-emad-project/global/networks/final-vpc-network",
            "priority": 1000,
            "project": "ahmed-emad-project",
            "self_link": "https://www.googleapis.com/compute/v1/projects/ahmed-emad-project/global/firewalls/firewall-to-allow-iap",
            "source_ranges": [
              "35.235.240.0/20"
            ],
            "source_service_accounts": [],
            "source_tags": [],
            "target_service_accounts": [],
            "target_tags": [],
            "timeouts": null
          },
          "sensitive_attributes": [],
          "private": "eyJlMmJmYjczMC1lY2FhLTExZTYtOGY4OC0zNDM2M2JjN2M0YzAiOnsiY3JlYXRlIjoyNDAwMDAwMDAwMDAsImRlbGV0ZSI6MjQwMDAwMDAwMDAwLCJ1cGRhdGUiOjI0MDAwMDAwMDAwMH0sInNjaGVtYV92ZXJzaW9uIjoiMSJ9",
          "dependencies": [
            "google_compute_network.ahmed-vpc-network"
          ]
        }
      ]
    },
    {
      "mode": "managed",
      "type": "google_compute_instance",
      "name": "ahmed-private-vm",
      "provider": "provider[\"registry.terraform.io/hashicorp/google\"]",
      "instances": [
        {
          "schema_version": 6,
          "attributes": {
            "advanced_machine_features": [],
            "allow_stopping_for_update": null,
            "attached_disk": [],
            "boot_disk": [
              {
                "auto_delete": true,
                "device_name": "persistent-disk-0",
                "disk_encryption_key_raw": "",
                "disk_encryption_key_sha256": "",
                "initialize_params": [
                  {
                    "image": "https://www.googleapis.com/compute/v1/projects/debian-cloud/global/images/debian-9-stretch-v20220118",
                    "labels": {},
                    "size": 10,
                    "type": "pd-standard"
                  }
                ],
                "kms_key_self_link": "",
                "mode": "READ_WRITE",
                "source": "https://www.googleapis.com/compute/v1/projects/ahmed-emad-project/zones/europe-west3-a/disks/final-instance"
              }
            ],
            "can_ip_forward": false,
            "confidential_instance_config": [],
            "cpu_platform": "Intel Broadwell",
            "current_status": "RUNNING",
            "deletion_protection": false,
            "description": "",
            "desired_status": null,
            "enable_display": false,
            "guest_accelerator": [],
            "hostname": "",
            "id": "projects/ahmed-emad-project/zones/europe-west3-a/instances/final-instance",
            "instance_id": "9085985871695468452",
            "label_fingerprint": "42WmSpB8rSM=",
            "labels": {},
            "machine_type": "e2-micro",
            "metadata": {},
            "metadata_fingerprint": "EFarCasO0wk=",
            "metadata_startup_script": null,
            "min_cpu_platform": "",
            "name": "final-instance",
            "network_interface": [
              {
                "access_config": [],
                "alias_ip_range": [],
                "ipv6_access_config": [],
                "ipv6_access_type": "",
                "name": "nic0",
                "network": "https://www.googleapis.com/compute/v1/projects/ahmed-emad-project/global/networks/final-vpc-network",
                "network_ip": "10.0.0.2",
                "nic_type": "",
                "queue_count": 0,
                "stack_type": "IPV4_ONLY",
                "subnetwork": "https://www.googleapis.com/compute/v1/projects/ahmed-emad-project/regions/europe-west3/subnetworks/final-management-subnetwork",
                "subnetwork_project": "ahmed-emad-project"
              }
            ],
            "project": "ahmed-emad-project",
            "reservation_affinity": [],
            "resource_policies": [],
            "scheduling": [
              {
                "automatic_restart": true,
                "min_node_cpus": 0,
                "node_affinities": [],
                "on_host_maintenance": "MIGRATE",
                "preemptible": false
              }
            ],
            "scratch_disk": [],
            "self_link": "https://www.googleapis.com/compute/v1/projects/ahmed-emad-project/zones/europe-west3-a/instances/final-instance",
            "service_account": [
              {
                "email": "final-service-account-id@ahmed-emad-project.iam.gserviceaccount.com",
                "scopes": [
                  "https://www.googleapis.com/auth/cloud-platform"
                ]
              }
            ],
            "shielded_instance_config": [],
            "tags": [],
            "tags_fingerprint": "42WmSpB8rSM=",
            "timeouts": null,
            "zone": "europe-west3-a"
          },
          "sensitive_attributes": [],
          "private": "eyJlMmJmYjczMC1lY2FhLTExZTYtOGY4OC0zNDM2M2JjN2M0YzAiOnsiY3JlYXRlIjoxMjAwMDAwMDAwMDAwLCJkZWxldGUiOjEyMDAwMDAwMDAwMDAsInVwZGF0ZSI6MTIwMDAwMDAwMDAwMH0sInNjaGVtYV92ZXJzaW9uIjoiNiJ9",
          "dependencies": [
            "google_compute_network.ahmed-vpc-network",
            "google_compute_subnetwork.ahmed-public-subnet",
            "google_service_account.ahmed-SA"
          ]
        }
      ]
    },
    {
      "mode": "managed",
      "type": "google_compute_network",
      "name": "ahmed-vpc-network",
      "provider": "provider[\"registry.terraform.io/hashicorp/google\"]",
      "instances": [
        {
          "schema_version": 0,
          "attributes": {
            "auto_create_subnetworks": false,
            "delete_default_routes_on_create": false,
            "description": "",
            "gateway_ipv4": "",
            "id": "projects/ahmed-emad-project/global/networks/final-vpc-network",
            "mtu": 0,
            "name": "final-vpc-network",
            "project": "ahmed-emad-project",
            "routing_mode": "REGIONAL",
            "self_link": "https://www.googleapis.com/compute/v1/projects/ahmed-emad-project/global/networks/final-vpc-network",
            "timeouts": null
          },
          "sensitive_attributes": [],
          "private": "eyJlMmJmYjczMC1lY2FhLTExZTYtOGY4OC0zNDM2M2JjN2M0YzAiOnsiY3JlYXRlIjoyNDAwMDAwMDAwMDAsImRlbGV0ZSI6MjQwMDAwMDAwMDAwLCJ1cGRhdGUiOjI0MDAwMDAwMDAwMH19"
        }
      ]
    },
    {
      "mode": "managed",
      "type": "google_compute_router",
      "name": "ahmed-router",
      "provider": "provider[\"registry.terraform.io/hashicorp/google\"]",
      "instances": [
        {
          "schema_version": 0,
          "attributes": {
            "bgp": [
              {
                "advertise_mode": "DEFAULT",
                "advertised_groups": [],
                "advertised_ip_ranges": [],
                "asn": 64514
              }
            ],
            "creation_timestamp": "2022-02-16T22:20:57.950-08:00",
            "description": "",
            "encrypted_interconnect_router": false,
            "id": "projects/ahmed-emad-project/regions/europe-west3/routers/final-router",
            "name": "final-router",
            "network": "https://www.googleapis.com/compute/v1/projects/ahmed-emad-project/global/networks/final-vpc-network",
            "project": "ahmed-emad-project",
            "region": "europe-west3",
            "self_link": "https://www.googleapis.com/compute/v1/projects/ahmed-emad-project/regions/europe-west3/routers/final-router",
            "timeouts": null
          },
          "sensitive_attributes": [],
          "private": "eyJlMmJmYjczMC1lY2FhLTExZTYtOGY4OC0zNDM2M2JjN2M0YzAiOnsiY3JlYXRlIjoyNDAwMDAwMDAwMDAsImRlbGV0ZSI6MjQwMDAwMDAwMDAwLCJ1cGRhdGUiOjI0MDAwMDAwMDAwMH19",
          "dependencies": [
            "google_compute_network.ahmed-vpc-network",
            "google_compute_subnetwork.ahmed-public-subnet"
          ]
        }
      ]
    },
    {
      "mode": "managed",
      "type": "google_compute_router_nat",
      "name": "ahmed-nat",
      "provider": "provider[\"registry.terraform.io/hashicorp/google\"]",
      "instances": [
        {
          "schema_version": 0,
          "attributes": {
            "drain_nat_ips": [],
            "enable_endpoint_independent_mapping": true,
            "icmp_idle_timeout_sec": 30,
            "id": "ahmed-emad-project/europe-west3/final-router/final-router-nat",
            "log_config": [
              {
                "enable": true,
                "filter": "ERRORS_ONLY"
              }
            ],
            "min_ports_per_vm": 0,
            "name": "final-router-nat",
            "nat_ip_allocate_option": "AUTO_ONLY",
            "nat_ips": [],
            "project": "ahmed-emad-project",
            "region": "europe-west3",
            "router": "final-router",
            "source_subnetwork_ip_ranges_to_nat": "LIST_OF_SUBNETWORKS",
            "subnetwork": [
              {
                "name": "https://www.googleapis.com/compute/v1/projects/ahmed-emad-project/regions/europe-west3/subnetworks/final-management-subnetwork",
                "secondary_ip_range_names": [],
                "source_ip_ranges_to_nat": [
                  "ALL_IP_RANGES"
                ]
              }
            ],
            "tcp_established_idle_timeout_sec": 1200,
            "tcp_transitory_idle_timeout_sec": 30,
            "timeouts": null,
            "udp_idle_timeout_sec": 30
          },
          "sensitive_attributes": [],
          "private": "eyJlMmJmYjczMC1lY2FhLTExZTYtOGY4OC0zNDM2M2JjN2M0YzAiOnsiY3JlYXRlIjo2MDAwMDAwMDAwMDAsImRlbGV0ZSI6NjAwMDAwMDAwMDAwLCJ1cGRhdGUiOjYwMDAwMDAwMDAwMH19",
          "dependencies": [
            "google_compute_network.ahmed-vpc-network",
            "google_compute_router.ahmed-router",
            "google_compute_subnetwork.ahmed-public-subnet"
          ]
        }
      ]
    },
    {
      "mode": "managed",
      "type": "google_compute_subnetwork",
      "name": "ahmed-private-subnet",
      "provider": "provider[\"registry.terraform.io/hashicorp/google\"]",
      "instances": [
        {
          "schema_version": 0,
          "attributes": {
            "creation_timestamp": "2022-02-16T22:20:35.427-08:00",
            "description": "",
            "external_ipv6_prefix": "",
            "fingerprint": null,
            "gateway_address": "10.0.1.1",
            "id": "projects/ahmed-emad-project/regions/europe-west3/subnetworks/final-restricted-subnetwork",
            "ip_cidr_range": "10.0.1.0/24",
            "ipv6_access_type": "",
            "ipv6_cidr_range": "",
            "log_config": [],
            "name": "final-restricted-subnetwork",
            "network": "https://www.googleapis.com/compute/v1/projects/ahmed-emad-project/global/networks/final-vpc-network",
            "private_ip_google_access": false,
            "private_ipv6_google_access": "DISABLE_GOOGLE_ACCESS",
            "project": "ahmed-emad-project",
            "purpose": "PRIVATE",
            "region": "europe-west3",
            "role": "",
            "secondary_ip_range": [],
            "self_link": "https://www.googleapis.com/compute/v1/projects/ahmed-emad-project/regions/europe-west3/subnetworks/final-restricted-subnetwork",
            "stack_type": "IPV4_ONLY",
            "timeouts": null
          },
          "sensitive_attributes": [],
          "private": "eyJlMmJmYjczMC1lY2FhLTExZTYtOGY4OC0zNDM2M2JjN2M0YzAiOnsiY3JlYXRlIjozNjAwMDAwMDAwMDAsImRlbGV0ZSI6MzYwMDAwMDAwMDAwLCJ1cGRhdGUiOjM2MDAwMDAwMDAwMH19",
          "dependencies": [
            "google_compute_network.ahmed-vpc-network"
          ]
        }
      ]
    },
    {
      "mode": "managed",
      "type": "google_compute_subnetwork",
      "name": "ahmed-public-subnet",
      "provider": "provider[\"registry.terraform.io/hashicorp/google\"]",
      "instances": [
        {
          "schema_version": 0,
          "attributes": {
            "creation_timestamp": "2022-02-16T22:20:34.443-08:00",
            "description": "",
            "external_ipv6_prefix": "",
            "fingerprint": null,
            "gateway_address": "10.0.0.1",
            "id": "projects/ahmed-emad-project/regions/europe-west3/subnetworks/final-management-subnetwork",
            "ip_cidr_range": "10.0.0.0/24",
            "ipv6_access_type": "",
            "ipv6_cidr_range": "",
            "log_config": [],
            "name": "final-management-subnetwork",
            "network": "https://www.googleapis.com/compute/v1/projects/ahmed-emad-project/global/networks/final-vpc-network",
            "private_ip_google_access": false,
            "private_ipv6_google_access": "DISABLE_GOOGLE_ACCESS",
            "project": "ahmed-emad-project",
            "purpose": "PRIVATE",
            "region": "europe-west3",
            "role": "",
            "secondary_ip_range": [],
            "self_link": "https://www.googleapis.com/compute/v1/projects/ahmed-emad-project/regions/europe-west3/subnetworks/final-management-subnetwork",
            "stack_type": "IPV4_ONLY",
            "timeouts": null
          },
          "sensitive_attributes": [],
          "private": "eyJlMmJmYjczMC1lY2FhLTExZTYtOGY4OC0zNDM2M2JjN2M0YzAiOnsiY3JlYXRlIjozNjAwMDAwMDAwMDAsImRlbGV0ZSI6MzYwMDAwMDAwMDAwLCJ1cGRhdGUiOjM2MDAwMDAwMDAwMH19",
          "dependencies": [
            "google_compute_network.ahmed-vpc-network"
          ]
        }
      ]
    },
    {
      "mode": "managed",
      "type": "google_container_cluster",
      "name": "ahmed-private-cluster",
      "provider": "provider[\"registry.terraform.io/hashicorp/google\"]",
      "instances": [
        {
          "schema_version": 1,
          "attributes": {
            "addons_config": [
              {
                "cloudrun_config": [],
                "horizontal_pod_autoscaling": [],
                "http_load_balancing": [],
                "network_policy_config": [
                  {
                    "disabled": true
                  }
                ]
              }
            ],
            "authenticator_groups_config": [],
            "cluster_autoscaling": [
              {
                "auto_provisioning_defaults": [],
                "enabled": false,
                "resource_limits": []
              }
            ],
            "cluster_ipv4_cidr": "10.16.0.0/16",
            "confidential_nodes": [],
            "database_encryption": [
              {
                "key_name": "",
                "state": "DECRYPTED"
              }
            ],
            "datapath_provider": "",
            "default_max_pods_per_node": 110,
            "default_snat_status": [
              {
                "disabled": false
              }
            ],
            "description": "",
            "enable_autopilot": false,
            "enable_binary_authorization": false,
            "enable_intranode_visibility": false,
            "enable_kubernetes_alpha": false,
            "enable_legacy_abac": false,
            "enable_shielded_nodes": true,
            "enable_tpu": false,
            "endpoint": "172.16.0.2",
            "id": "projects/ahmed-emad-project/locations/europe-west3/clusters/final-gke-cluster",
            "initial_node_count": 1,
            "ip_allocation_policy": [
              {
                "cluster_ipv4_cidr_block": "10.16.0.0/16",
                "cluster_secondary_range_name": "gke-final-gke-cluster-pods-4423121c",
                "services_ipv4_cidr_block": "10.12.0.0/16",
                "services_secondary_range_name": "gke-final-gke-cluster-services-4423121c"
              }
            ],
            "label_fingerprint": "a9dc16a7",
            "location": "europe-west3",
            "logging_config": [
              {
                "enable_components": [
                  "SYSTEM_COMPONENTS",
                  "WORKLOADS"
                ]
              }
            ],
            "logging_service": "logging.googleapis.com/kubernetes",
            "maintenance_policy": [],
            "master_auth": [
              {
                "client_certificate": "",
                "client_certificate_config": [
                  {
                    "issue_client_certificate": false
                  }
                ],
                "client_key": "",
                "cluster_ca_certificate": "LS0tLS1CRUdJTiBDRVJUSUZJQ0FURS0tLS0tCk1JSUVMVENDQXBXZ0F3SUJBZ0lSQU53OWFXbFR6WnhJVklZSWhFKzFGZzR3RFFZSktvWklodmNOQVFFTEJRQXcKTHpFdE1Dc0dBMVVFQXhNa1pHSmtZVGt4WkRVdFpUazNZeTAwT0dVNExUazJaakV0WWpjMlpHUXpOR0U0TURsagpNQ0FYRFRJeU1ESXhOekExTXpRMU9Wb1lEekl3TlRJd01qRXdNRFl6TkRVNVdqQXZNUzB3S3dZRFZRUURFeVJrClltUmhPVEZrTlMxbE9UZGpMVFE0WlRndE9UWm1NUzFpTnpaa1pETTBZVGd3T1dNd2dnR2lNQTBHQ1NxR1NJYjMKRFFFQkFRVUFBNElCandBd2dnR0tBb0lCZ1FDdWNkb3d6N1dtUXJHcU0zT0JnOHFMZ2xmalhlSEdRWEtpUUp6awpTQVNpbG1sYkZ3Wk1wQTBpa05BQWFEZGcrTTVpbXkrOUpXd1pvYWxObzB6L0J1cDN4Vm05aHYyc0RCYTBPUmZwCjNkbjJEa29IRloxM21IczA2QnFhNmo1TGJxSXNkWmdJZ3I5Rkl6bHdkUXFNUFdpOVBMK05GeWxvc1Y4RjM3RTEKRlJmZ2UrQU1BL043NUhucnAwbkRoaTNRSUwrWm4yYmdreloyWVFlOUs1ZnY4emFEK0ZCWUdQbi9lOXdyMWJDZwp5WitIYVVkMGRHWHZ2dGZBQVpSMDFlNmxsQUM3eEhBTDc1L0FmUVRRQ1lsWnRVYmVqQWtuNFRZNVdLUEd2VVR4CmdXWExYbTBiaThhcGh5bGZHTXpZc1dhVXZHaityb0ZNVXpNWGpCeDFudG16bnErUVNEY2krZE9Nc1JLMWV4SncKZ2MzN0N2NlBoQ0hoVTlJUS9OdnB4Z1pEVkFDMDYvMWx3Z1JjY3RZUGV5NXdBQkVlblFlUGUvcG9nenRObm1VWQpzZnlyN2lmNFR4TzlBRW8wT0Q4VVhBbGdBcG9KVkZRRlgza083NDFYYlBTSWt3SFdMSzBaVUVrWXk0MkdzYnhVCnhqcWdFbXRwcWZoOUxDY2xhZkU5bTd5N2tQVUNBd0VBQWFOQ01FQXdEZ1lEVlIwUEFRSC9CQVFEQWdJRU1BOEcKQTFVZEV3RUIvd1FGTUFNQkFmOHdIUVlEVlIwT0JCWUVGSzR0WnM5ZzI0dTlZNXBqU1NKSEYvQ1J5d29NTUEwRwpDU3FHU0liM0RRRUJDd1VBQTRJQmdRQ1M0YjFJdm9EbEtSZjFkSVdOR0k1WW83YUgycURGd3l0UG56YzZXV1lXCnk5NlIybXVZMGdPWW45dmZpSThndzl5Tkh4anlON0pIRkV0cDRhRFJTY0RlQ3pjTyt1ZSs4L0dCRzJndzVTSkYKa0d2WmNJQU5JdVlCMjVrem9KclVYMEdON0E4c0hjMFhBanVlSmNyVkNtTzJWUlNkN3JrTXZwVDJzOHE3T0FhVwpYZElOeElDNVlpem1TU09GUkxXSER1WEpLNXpqbzdUS2Z1am1lRUR0QnhabU5OMHgrR2hCYTV3WnJ0ZTJQZzd5Cm80QnlrTzY5dEJUc1pkcWYzWFBaVzlWWWFRWDJxZjgxRzFyaHFvSmRhOEdBNldVWmtvYjdwckc2bVROdDBGaVAKM3FNRWZjZmNrRnhOUGZPaUVhUVFhQ0h0Z2FxQUt5YlFKS2lIdzdnRXpwRTBhMy94NERpTlZuZnljRHlEcHVNaApxdTRmVE1qQkF2SDFmMFBhOU55MlZCTEgyeWxHaUxtcmROcGVkeWRLY2I5SGJpZ2dkbW9JRCtjVmJWSFRZWUJtCnlJcUdNazhmQUMzZzJ3b2o1MWNZUDZENWwxQ1lvOFJaK2M0d0lYc0hpRDc0UWF1cnNzeTRwelJqQmNhS2JUYmEKbFUvVXNHbzlIa3dvK0hpV2RZakxNbkU9Ci0tLS0tRU5EIENFUlRJRklDQVRFLS0tLS0K"
              }
            ],
            "master_authorized_networks_config": [
              {
                "cidr_blocks": [
                  {
                    "cidr_block": "10.0.0.0/24",
                    "display_name": ""
                  }
                ]
              }
            ],
            "master_version": "1.21.6-gke.1500",
            "min_master_version": null,
            "monitoring_config": [
              {
                "enable_components": [
                  "SYSTEM_COMPONENTS"
                ]
              }
            ],
            "monitoring_service": "monitoring.googleapis.com/kubernetes",
            "name": "final-gke-cluster",
            "network": "projects/ahmed-emad-project/global/networks/final-vpc-network",
            "network_policy": [
              {
                "enabled": false,
                "provider": "PROVIDER_UNSPECIFIED"
              }
            ],
            "networking_mode": "VPC_NATIVE",
            "node_config": [],
            "node_locations": [
              "europe-west3-a",
              "europe-west3-b",
              "europe-west3-c"
            ],
            "node_pool": [],
            "node_version": "1.21.6-gke.1500",
            "operation": null,
            "private_cluster_config": [
              {
                "enable_private_endpoint": true,
                "enable_private_nodes": true,
                "master_global_access_config": [
                  {
                    "enabled": false
                  }
                ],
                "master_ipv4_cidr_block": "172.16.0.0/28",
                "peering_name": "gke-n755f91e7e60c4293482-caaa-10f4-peer",
                "private_endpoint": "172.16.0.2",
                "public_endpoint": "34.159.160.110"
              }
            ],
            "private_ipv6_google_access": "",
            "project": "ahmed-emad-project",
            "release_channel": [
              {
                "channel": "REGULAR"
              }
            ],
            "remove_default_node_pool": true,
            "resource_labels": null,
            "resource_usage_export_config": [],
            "self_link": "https://container.googleapis.com/v1/projects/ahmed-emad-project/locations/europe-west3/clusters/final-gke-cluster",
            "services_ipv4_cidr": "10.12.0.0/16",
            "subnetwork": "projects/ahmed-emad-project/regions/europe-west3/subnetworks/final-restricted-subnetwork",
            "timeouts": null,
            "tpu_ipv4_cidr_block": "",
            "vertical_pod_autoscaling": [],
            "workload_identity_config": []
          },
          "sensitive_attributes": [],
          "private": "eyJlMmJmYjczMC1lY2FhLTExZTYtOGY4OC0zNDM2M2JjN2M0YzAiOnsiY3JlYXRlIjoyNDAwMDAwMDAwMDAwLCJkZWxldGUiOjI0MDAwMDAwMDAwMDAsInJlYWQiOjI0MDAwMDAwMDAwMDAsInVwZGF0ZSI6MzYwMDAwMDAwMDAwMH0sInNjaGVtYV92ZXJzaW9uIjoiMSJ9",
          "dependencies": [
            "google_compute_network.ahmed-vpc-network",
            "google_compute_subnetwork.ahmed-private-subnet"
          ]
        }
      ]
    },
    {
      "mode": "managed",
      "type": "google_container_node_pool",
      "name": "ahmed-preemptible-nodes",
      "provider": "provider[\"registry.terraform.io/hashicorp/google\"]",
      "instances": [
        {
          "schema_version": 1,
          "attributes": {
            "autoscaling": [],
            "cluster": "final-gke-cluster",
            "id": "projects/ahmed-emad-project/locations/europe-west3/clusters/final-gke-cluster/nodePools/final-node-pool",
            "initial_node_count": 1,
            "instance_group_urls": [
              "https://www.googleapis.com/compute/v1/projects/ahmed-emad-project/zones/europe-west3-b/instanceGroupManagers/gke-final-gke-cluster-final-node-pool-9753e661-grp",
              "https://www.googleapis.com/compute/v1/projects/ahmed-emad-project/zones/europe-west3-c/instanceGroupManagers/gke-final-gke-cluster-final-node-pool-a32df410-grp",
              "https://www.googleapis.com/compute/v1/projects/ahmed-emad-project/zones/europe-west3-a/instanceGroupManagers/gke-final-gke-cluster-final-node-pool-d476d553-grp"
            ],
            "location": "europe-west3",
            "managed_instance_group_urls": [
              "https://www.googleapis.com/compute/v1/projects/ahmed-emad-project/zones/europe-west3-b/instanceGroups/gke-final-gke-cluster-final-node-pool-9753e661-grp",
              "https://www.googleapis.com/compute/v1/projects/ahmed-emad-project/zones/europe-west3-c/instanceGroups/gke-final-gke-cluster-final-node-pool-a32df410-grp",
              "https://www.googleapis.com/compute/v1/projects/ahmed-emad-project/zones/europe-west3-a/instanceGroups/gke-final-gke-cluster-final-node-pool-d476d553-grp"
            ],
            "management": [
              {
                "auto_repair": true,
                "auto_upgrade": true
              }
            ],
            "max_pods_per_node": 110,
            "name": "final-node-pool",
            "name_prefix": "",
            "node_config": [
              {
                "boot_disk_kms_key": "",
                "disk_size_gb": 100,
                "disk_type": "pd-standard",
                "gcfs_config": [],
                "guest_accelerator": [],
                "image_type": "COS_CONTAINERD",
                "labels": {},
                "local_ssd_count": 0,
                "machine_type": "e2-micro",
                "metadata": {
                  "disable-legacy-endpoints": "true"
                },
                "min_cpu_platform": "",
                "node_group": "",
                "oauth_scopes": [
                  "https://www.googleapis.com/auth/cloud-platform"
                ],
                "preemptible": false,
                "service_account": "final-service-account-id@ahmed-emad-project.iam.gserviceaccount.com",
                "shielded_instance_config": [
                  {
                    "enable_integrity_monitoring": true,
                    "enable_secure_boot": false
                  }
                ],
                "tags": null,
                "taint": [],
                "workload_metadata_config": []
              }
            ],
            "node_count": 1,
            "node_locations": [
              "europe-west3-a",
              "europe-west3-b",
              "europe-west3-c"
            ],
            "operation": null,
            "project": "ahmed-emad-project",
            "timeouts": null,
            "upgrade_settings": [
              {
                "max_surge": 1,
                "max_unavailable": 0
              }
            ],
            "version": "1.21.6-gke.1500"
          },
          "sensitive_attributes": [],
          "private": "eyJlMmJmYjczMC1lY2FhLTExZTYtOGY4OC0zNDM2M2JjN2M0YzAiOnsiY3JlYXRlIjoxODAwMDAwMDAwMDAwLCJkZWxldGUiOjE4MDAwMDAwMDAwMDAsInVwZGF0ZSI6MTgwMDAwMDAwMDAwMH0sInNjaGVtYV92ZXJzaW9uIjoiMSJ9",
          "dependencies": [
            "google_compute_network.ahmed-vpc-network",
            "google_compute_subnetwork.ahmed-private-subnet",
            "google_container_cluster.ahmed-private-cluster",
            "google_service_account.ahmed-SA"
          ]
        }
      ]
    },
    {
      "mode": "managed",
      "type": "google_project_iam_binding",
      "name": "ahmed-binding",
      "provider": "provider[\"registry.terraform.io/hashicorp/google\"]",
      "instances": [
        {
          "schema_version": 0,
          "attributes": {
            "condition": [],
            "etag": "BwXYMMKYul0=",
            "id": "ahmed-emad-project/roles/container.admin",
            "members": [
              "serviceAccount:final-service-account-id@ahmed-emad-project.iam.gserviceaccount.com"
            ],
            "project": "ahmed-emad-project",
            "role": "roles/container.admin"
          },
          "sensitive_attributes": [],
          "private": "bnVsbA==",
          "dependencies": [
            "google_service_account.ahmed-SA"
          ]
        }
      ]
    },
    {
      "mode": "managed",
      "type": "google_service_account",
      "name": "ahmed-SA",
      "provider": "provider[\"registry.terraform.io/hashicorp/google\"]",
      "instances": [
        {
          "schema_version": 0,
          "attributes": {
            "account_id": "final-service-account-id",
            "description": "",
            "disabled": false,
            "display_name": "final project service account",
            "email": "final-service-account-id@ahmed-emad-project.iam.gserviceaccount.com",
            "id": "projects/ahmed-emad-project/serviceAccounts/final-service-account-id@ahmed-emad-project.iam.gserviceaccount.com",
            "name": "projects/ahmed-emad-project/serviceAccounts/final-service-account-id@ahmed-emad-project.iam.gserviceaccount.com",
            "project": "ahmed-emad-project",
            "timeouts": null,
            "unique_id": "100283231545045218289"
          },
          "sensitive_attributes": [],
          "private": "eyJlMmJmYjczMC1lY2FhLTExZTYtOGY4OC0zNDM2M2JjN2M0YzAiOnsiY3JlYXRlIjozMDAwMDAwMDAwMDB9fQ=="
        }
      ]
    }
  ]
}
